<?xml version="1.0" encoding="utf-8"?>
<Project ToolsVersion="4.0" xmlns="http://schemas.microsoft.com/developer/msbuild/2003">
  <ItemGroup>
    <Filter Include="소스 파일">
      <UniqueIdentifier>{4FC737F1-C7A5-4376-A066-2A32D752A2FF}</UniqueIdentifier>
      <Extensions>cpp;c;cc;cxx;c++;def;odl;idl;hpj;bat;asm;asmx</Extensions>
    </Filter>
    <Filter Include="헤더 파일">
      <UniqueIdentifier>{93995380-89BD-4b04-88EB-625FBE52EBFB}</UniqueIdentifier>
      <Extensions>h;hh;hpp;hxx;h++;hm;inl;inc;ipp;xsd</Extensions>
    </Filter>
    <Filter Include="리소스 파일">
      <UniqueIdentifier>{67DA6AB6-F800-4c08-8B7A-83BB121AAD01}</UniqueIdentifier>
      <Extensions>rc;ico;cur;bmp;dlg;rc2;rct;bin;rgs;gif;jpg;jpeg;jpe;resx;tiff;tif;png;wav;mfcribbon-ms</Extensions>
    </Filter>
  </ItemGroup>
  <ItemGroup>
    <ClCompile Include="폰켓몬.cpp">
      <Filter>소스 파일</Filter>
    </ClCompile>
    <ClCompile Include="18블라인드-자동완성-lv4.cpp">
      <Filter>소스 파일</Filter>
    </ClCompile>
    <ClCompile Include="19블라인드-실패율-lv1.cpp">
      <Filter>소스 파일</Filter>
    </ClCompile>
    <ClCompile Include="gg19겨울인턴-불량사용자-lv3.cpp">
      <Filter>소스 파일</Filter>
    </ClCompile>
    <ClCompile Include="19블라인드-오픈채팅방-lv2.cpp">
      <Filter>소스 파일</Filter>
    </ClCompile>
    <ClCompile Include="17본선_사천성_lv3.cpp">
      <Filter>소스 파일</Filter>
    </ClCompile>
    <ClCompile Include="17예선_컬러링북_lv2.cpp">
      <Filter>소스 파일</Filter>
    </ClCompile>
    <ClCompile Include="19겨울인턴-크레인인형뽑기-lv1.cpp">
      <Filter>소스 파일</Filter>
    </ClCompile>
    <ClCompile Include="20블라인드-문자열압축_lv2.cpp">
      <Filter>소스 파일</Filter>
    </ClCompile>
    <ClCompile Include="20블라인드-괄호변환-lv2.cpp">
      <Filter>소스 파일</Filter>
    </ClCompile>
    <ClCompile Include="18블라인드-[1차]캐시_lv2.cpp">
      <Filter>소스 파일</Filter>
    </ClCompile>
    <ClCompile Include="18블라인드-N진수게임-lv2.cpp">
      <Filter>소스 파일</Filter>
    </ClCompile>
  </ItemGroup>
</Project>